
Microsoft Visual Studio Solution File, Format Version 12.00
# Visual Studio 15
Project("{FAE04EC0-301F-11D3-BF4B-00C04F79EFBC}") = "Tests", "Tests.csproj", "{A472398A-3BCB-A641-5382-B9C3CA07B15A}"
EndProject
Project("{FAE04EC0-301F-11D3-BF4B-00C04F79EFBC}") = "Filters", "Filters.csproj", "{91E95494-F6CD-E7B9-026C-DC5D011FB940}"
EndProject
Global
	GlobalSection(SolutionConfigurationPlatforms) = preSolution
		Debug|Any CPU = Debug|Any CPU
		Release|Any CPU = Release|Any CPU
	EndGlobalSection
	GlobalSection(ProjectConfigurationPlatforms) = postSolution
		{A472398A-3BCB-A641-5382-B9C3CA07B15A}.Debug|Any CPU.ActiveCfg = Debug|Any CPU
		{A472398A-3BCB-A641-5382-B9C3CA07B15A}.Debug|Any CPU.Build.0 = Debug|Any CPU
		{A472398A-3BCB-A641-5382-B9C3CA07B15A}.Release|Any CPU.ActiveCfg = Release|Any CPU
		{A472398A-3BCB-A641-5382-B9C3CA07B15A}.Release|Any CPU.Build.0 = Release|Any CPU
		{91E95494-F6CD-E7B9-026C-DC5D011FB940}.Debug|Any CPU.ActiveCfg = Debug|Any CPU
		{91E95494-F6CD-E7B9-026C-DC5D011FB940}.Debug|Any CPU.Build.0 = Debug|Any CPU
		{91E95494-F6CD-E7B9-026C-DC5D011FB940}.Release|Any CPU.ActiveCfg = Release|Any CPU
		{91E95494-F6CD-E7B9-026C-DC5D011FB940}.Release|Any CPU.Build.0 = Release|Any CPU
	EndGlobalSection
	GlobalSection(SolutionProperties) = preSolution
		HideSolutionNode = FALSE
	EndGlobalSection
EndGlobal
